
Microsoft Visual Studio Solution File, Format Version 12.00
# Visual Studio 15
VisualStudioVersion = 15.0.27004.2005
MinimumVisualStudioVersion = 10.0.40219.1
Project("{888888A0-9F3D-457C-B088-3A5042F75D52}") = "TFVSTest1", "TFVSTest1\TFVSTest1.pyproj", "{D5DADD23-A623-41D8-9E8B-CCE55591A82E}"
EndProject
Global
	GlobalSection(SolutionConfigurationPlatforms) = preSolution
		Debug|Any CPU = Debug|Any CPU
		Release|Any CPU = Release|Any CPU
	EndGlobalSection
	GlobalSection(ProjectConfigurationPlatforms) = postSolution
		{D5DADD23-A623-41D8-9E8B-CCE55591A82E}.Debug|Any CPU.ActiveCfg = Debug|Any CPU
		{D5DADD23-A623-41D8-9E8B-CCE55591A82E}.Release|Any CPU.ActiveCfg = Release|Any CPU
	EndGlobalSection
	GlobalSection(SolutionProperties) = preSolution
		HideSolutionNode = FALSE
	EndGlobalSection
	GlobalSection(ExtensibilityGlobals) = postSolution
		SolutionGuid = {4D357852-6338-4D6A-B9D7-CABFBB943AD8}
	EndGlobalSection
EndGlobal
